{
  "pins" : [
    {
      "identity" : "fluidaudio",
      "kind" : "remoteSourceControl",
      "location" : "https://github.com/FluidInference/FluidAudio.git",
      "state" : {
        "revision" : "8136bd0642e7c5ce1f6f5b2931890266aeecb08c",
        "version" : "0.7.8"
      }
    }
  ],
  "version" : 2
}
