PODS:
  - RealTimeCutVADLibrary (1.0.13)

DEPENDENCIES:
  - RealTimeCutVADLibrary (from `https://github.com/helloooideeeeea/RealTimeCutVADLibrary.git`)

EXTERNAL SOURCES:
  RealTimeCutVADLibrary:
    :git: https://github.com/helloooideeeeea/RealTimeCutVADLibrary.git

CHECKOUT OPTIONS:
  RealTimeCutVADLibrary:
    :commit: 3ee973def486fe1397d1c2ec6ee9be13c3e7fa8c
    :git: https://github.com/helloooideeeeea/RealTimeCutVADLibrary.git

SPEC CHECKSUMS:
  RealTimeCutVADLibrary: af06522b826e735fac1d9076cd3cf972e79eefd5

PODFILE CHECKSUM: d6f40a7d2e51234d6da348ae76daba5462840d86

COCOAPODS: 1.16.2
